
Microsoft Visual Studio Solution File, Format Version 12.00
# Visual Studio Version 17
VisualStudioVersion = 17.3.32819.101
MinimumVisualStudioVersion = 10.0.40219.1
Project("{FAE04EC0-301F-11D3-BF4B-00C04F79EFBC}") = "5.5", "5.5\5.5.csproj", "{B8E074F1-E14B-432D-BCD1-9893C3DD755C}"
EndProject
Global
	GlobalSection(SolutionConfigurationPlatforms) = preSolution
		Debug|Any CPU = Debug|Any CPU
		Release|Any CPU = Release|Any CPU
	EndGlobalSection
	GlobalSection(ProjectConfigurationPlatforms) = postSolution
		{B8E074F1-E14B-432D-BCD1-9893C3DD755C}.Debug|Any CPU.ActiveCfg = Debug|Any CPU
		{B8E074F1-E14B-432D-BCD1-9893C3DD755C}.Debug|Any CPU.Build.0 = Debug|Any CPU
		{B8E074F1-E14B-432D-BCD1-9893C3DD755C}.Release|Any CPU.ActiveCfg = Release|Any CPU
		{B8E074F1-E14B-432D-BCD1-9893C3DD755C}.Release|Any CPU.Build.0 = Release|Any CPU
	EndGlobalSection
	GlobalSection(SolutionProperties) = preSolution
		HideSolutionNode = FALSE
	EndGlobalSection
	GlobalSection(ExtensibilityGlobals) = postSolution
		SolutionGuid = {F8011AC1-36AB-4F38-8CAE-62EC032EA7B5}
	EndGlobalSection
EndGlobal
